<Solution>
  <Project Path="UnitySerializedShield.Roslyn\UnitySerializedShield.Roslyn.csproj" />
  <Project Path="UnitySerializedShield.Roslyn.Tests\UnitySerializedShield.Roslyn.Tests.csproj" />
  <Project Path="UnitySerializedShield.VisualStudio.InProcess\UnitySerializedShield.VisualStudio.InProcess.csproj" />
</Solution>
